
Microsoft Visual Studio Solution File, Format Version 12.00
# Visual Studio Version 17
VisualStudioVersion = 17.13.35913.81 d17.13
MinimumVisualStudioVersion = 10.0.40219.1
Project("{FAE04EC0-301F-11D3-BF4B-00C04F79EFBC}") = "CustomersManager", "CustomersManager\CustomersManager.csproj", "{35E552C1-B0DA-4AD0-9518-9E8949803526}"
EndProject
Global
	GlobalSection(SolutionConfigurationPlatforms) = preSolution
		Debug|Any CPU = Debug|Any CPU
		Release|Any CPU = Release|Any CPU
	EndGlobalSection
	GlobalSection(ProjectConfigurationPlatforms) = postSolution
		{35E552C1-B0DA-4AD0-9518-9E8949803526}.Debug|Any CPU.ActiveCfg = Debug|Any CPU
		{35E552C1-B0DA-4AD0-9518-9E8949803526}.Debug|Any CPU.Build.0 = Debug|Any CPU
		{35E552C1-B0DA-4AD0-9518-9E8949803526}.Release|Any CPU.ActiveCfg = Release|Any CPU
		{35E552C1-B0DA-4AD0-9518-9E8949803526}.Release|Any CPU.Build.0 = Release|Any CPU
	EndGlobalSection
	GlobalSection(SolutionProperties) = preSolution
		HideSolutionNode = FALSE
	EndGlobalSection
	GlobalSection(ExtensibilityGlobals) = postSolution
		SolutionGuid = {88E99EEA-3D54-42E6-A462-B91B9AC83402}
	EndGlobalSection
EndGlobal
